{
  "name": "day-01",
  "version": "1.0.0",
  "lockfileVersion": 1,
  "requires": true,
  "dependencies": {
    "@types/node": {
      "version": "10.9.2",
      "resolved": "https://registry.npmjs.org/@types/node/-/node-10.9.2.tgz",
      "integrity": "sha512-pwZnkVyCGJ3LsQ0/3flQK5lCFao4esIzwUVzzk5NvL9vnkEyDhNf4fhHzUMHvyr56gNZywWTS2MR0euabMSz4A==",
      "dev": true
    },
    "@types/tape": {
      "version": "4.2.32",
      "resolved": "https://registry.npmjs.org/@types/tape/-/tape-4.2.32.tgz",
      "integrity": "sha512-xil0KO5wkPoixdBWGIGolPv9dekf6dVkjjJLAFYchfKcd4DICou67rgGCIO7wAh3i5Ff/6j9IDgZz+GU9cMaqQ==",
      "dev": true,
      "requires": {
        "@types/node": "10.9.2"
      }
    }
  }
}
